// !$*UTF8*$!
{
	archiveVersion = 1;
	classes = {
	};
	objectVersion = 60;
	objects = {

/* Begin PBXGroup section */
		A4708FC92C31105B0034C32A = {
			isa = PBXGroup;
			children = (
			);
			sourceTree = "<group>";
		};
/* End PBXGroup section */

/* Begin PBXProject section */
		A4708FCA2C31105B0034C32A /* Project object */ = {
			isa = PBXProject;
			attributes = {
				BuildIndependentTargetsInParallel = 1;
				LastUpgradeCheck = 1600;
			};
			buildConfigurationList = A4708FCD2C31105B0034C32A /* Build configuration list for PBXProject "A-List" */;
			compatibilityVersion = "Xcode 15.0";
			developmentRegion = en;
			hasScannedForEncodings = 0;
			knownRegions = (
				en,
				Base,
			);
			mainGroup = A4708FC92C31105B0034C32A;
			projectDirPath = "";
			projectRoot = "";
			targets = (
			);
		};
/* End PBXProject section */

/* Begin XCBuildConfiguration section */
		A4708FCE2C31105B0034C32A /* Debug */ = {
			isa = XCBuildConfiguration;
			buildSettings = {
			};
			name = Debug;
		};
		A4708FCF2C31105B0034C32A /* Release */ = {
			isa = XCBuildConfiguration;
			buildSettings = {
			};
			name = Release;
		};
/* End XCBuildConfiguration section */

/* Begin XCConfigurationList section */
		A4708FCD2C31105B0034C32A /* Build configuration list for PBXProject "A-List" */ = {
			isa = XCConfigurationList;
			buildConfigurations = (
				A4708FCE2C31105B0034C32A /* Debug */,
				A4708FCF2C31105B0034C32A /* Release */,
			);
			defaultConfigurationIsVisible = 0;
			defaultConfigurationName = Release;
		};
/* End XCConfigurationList section */
	};
	rootObject = A4708FCA2C31105B0034C32A /* Project object */;
}
